
Microsoft Visual Studio Solution File, Format Version 12.00
# Visual Studio Version 16
VisualStudioVersion = 16.0.30011.22
MinimumVisualStudioVersion = 10.0.40219.1
Project("{9A19103F-16F7-4668-BE54-9A1E7A4F7556}") = "KoronavirusMvc", "KoronavirusMvc.csproj", "{23074753-94A0-440B-94E8-FCBE3438BD97}"
EndProject
Global
	GlobalSection(SolutionConfigurationPlatforms) = preSolution
		Debug|Any CPU = Debug|Any CPU
		Release|Any CPU = Release|Any CPU
	EndGlobalSection
	GlobalSection(ProjectConfigurationPlatforms) = postSolution
		{23074753-94A0-440B-94E8-FCBE3438BD97}.Debug|Any CPU.ActiveCfg = Debug|Any CPU
		{23074753-94A0-440B-94E8-FCBE3438BD97}.Debug|Any CPU.Build.0 = Debug|Any CPU
		{23074753-94A0-440B-94E8-FCBE3438BD97}.Release|Any CPU.ActiveCfg = Release|Any CPU
		{23074753-94A0-440B-94E8-FCBE3438BD97}.Release|Any CPU.Build.0 = Release|Any CPU
	EndGlobalSection
	GlobalSection(SolutionProperties) = preSolution
		HideSolutionNode = FALSE
	EndGlobalSection
	GlobalSection(ExtensibilityGlobals) = postSolution
		SolutionGuid = {04A31C59-1C8B-4D97-A7FE-C39BB03162AE}
	EndGlobalSection
EndGlobal
